PODS:
  - Alamofire (3.3.1)
  - MagicalRecord (2.3.2):
    - MagicalRecord/Core (= 2.3.2)
  - MagicalRecord/Core (2.3.2)
  - MBProgressHUD (0.9.2)
  - SCLAlertView (0.5.8)
  - XYPieChart (0.2)

DEPENDENCIES:
  - Alamofire (~> 3.3.1)
  - MagicalRecord (~> 2.3.2)
  - MBProgressHUD (~> 0.9.1)
  - SCLAlertView
  - XYPieChart

SPEC CHECKSUMS:
  Alamofire: 369bc67b6f5ac33ded3648d7bd21c5bfb91c2ecc
  MagicalRecord: 53bed74b4323b930992a725be713e53b37d19755
  MBProgressHUD: 1569cf7ace17a8bac47aabfbb8580a49690386d1
  SCLAlertView: 653e84d1f9fd95333bc54671fbadb7d0c47fce49
  XYPieChart: 0efd8069d26c25d20ab74c01b5ad455f1fc48153

COCOAPODS: 0.39.0
