PODS:
  - Alamofire (3.4.1)
  - AlamofireImage (2.4.0):
    - Alamofire (~> 3.3)
  - CorePlot (2.1)
  - MagicalRecord (2.3.2):
    - MagicalRecord/Core (= 2.3.2)
  - MagicalRecord/Core (2.3.2)
  - MBProgressHUD (0.9.2)
  - SCLAlertView (0.5.9)
  - SDWebImage (3.8.1):
    - SDWebImage/Core (= 3.8.1)
  - SDWebImage/Core (3.8.1)
  - XYPieChart (0.2)

DEPENDENCIES:
  - Alamofire (~> 3.4.0)
  - AlamofireImage (~> 2.4.0)
  - CorePlot (~> 2.1)
  - MagicalRecord (~> 2.3.2)
  - MBProgressHUD (~> 0.9.1)
  - SCLAlertView
  - SDWebImage (~> 3.8)
  - XYPieChart

SPEC CHECKSUMS:
  Alamofire: 01a82e2f6c0f860ade35534c8dd88be61bdef40c
  AlamofireImage: 87408b652e0f5ae5fe364035f15aea8b9b24c77e
  CorePlot: ab9898c79b94999018e9634ab0aa4c21480c8552
  MagicalRecord: 53bed74b4323b930992a725be713e53b37d19755
  MBProgressHUD: 1569cf7ace17a8bac47aabfbb8580a49690386d1
  SCLAlertView: d7c6a48c7d340e60206d4ed0e8ebcbff3b9d2a44
  SDWebImage: 35f9627a3e44b4f292a8a8ce6a531fa488239b91
  XYPieChart: 0efd8069d26c25d20ab74c01b5ad455f1fc48153

PODFILE CHECKSUM: a5136df2ef25a3bc4e19ced606e93ef397da607d

COCOAPODS: 1.0.1
