// !$*UTF8*$!
{
	archiveVersion = 1;
	classes = {
	};
	objectVersion = 46;
	objects = {

/* Begin PBXBuildFile section */
		2F39489F1D05B78D00C8B6B3 /* Pool.swift in Sources */ = {isa = PBXBuildFile; fileRef = CAE147FF1D04A95E000C67A3 /* Pool.swift */; };
		2F3948A01D05B78D00C8B6B3 /* Team.swift in Sources */ = {isa = PBXBuildFile; fileRef = CAE148031D04B096000C67A3 /* Team.swift */; };
		2F615C4B1D0667E600B1C484 /* BaseNavigationController.swift in Sources */ = {isa = PBXBuildFile; fileRef = 2F615C4A1D0667E600B1C484 /* BaseNavigationController.swift */; };
		2F615C4E1D06699A00B1C484 /* GamesViewController.swift in Sources */ = {isa = PBXBuildFile; fileRef = 2F615C4D1D06699A00B1C484 /* GamesViewController.swift */; };
		2F615C501D066A7A00B1C484 /* StandingsViewController.swift in Sources */ = {isa = PBXBuildFile; fileRef = 2F615C4F1D066A7A00B1C484 /* StandingsViewController.swift */; };
		2F615C561D06730D00B1C484 /* String+Utilities.swift in Sources */ = {isa = PBXBuildFile; fileRef = 2F615C551D06730D00B1C484 /* String+Utilities.swift */; };
		2F7B9F5F1D04A6FC005BEAB8 /* SoccerPool.storyboard in Resources */ = {isa = PBXBuildFile; fileRef = 2F7B9F5E1D04A6FC005BEAB8 /* SoccerPool.storyboard */; };
		2F7B9F631D04B822005BEAB8 /* LoginFieldsView.swift in Sources */ = {isa = PBXBuildFile; fileRef = 2F7B9F621D04B822005BEAB8 /* LoginFieldsView.swift */; };
		2F7ED2FF1D0693B400656DE5 /* NoMatchesTableViewCell.swift in Sources */ = {isa = PBXBuildFile; fileRef = 2F7ED2FD1D0693B400656DE5 /* NoMatchesTableViewCell.swift */; };
		2F7ED3001D0693B400656DE5 /* NoMatchesTableViewCell.xib in Resources */ = {isa = PBXBuildFile; fileRef = 2F7ED2FE1D0693B400656DE5 /* NoMatchesTableViewCell.xib */; };
		2F8B270F1D091D08002C0B46 /* FinishedMatchesTableViewCell.swift in Sources */ = {isa = PBXBuildFile; fileRef = 2F8B270D1D091D08002C0B46 /* FinishedMatchesTableViewCell.swift */; };
		2F8B27101D091D08002C0B46 /* FinishedMatchesTableViewCell.xib in Resources */ = {isa = PBXBuildFile; fileRef = 2F8B270E1D091D08002C0B46 /* FinishedMatchesTableViewCell.xib */; };
		2FABF9331D0766EA00F5AAE4 /* TitleView.swift in Sources */ = {isa = PBXBuildFile; fileRef = 2FABF9321D0766EA00F5AAE4 /* TitleView.swift */; };
		2FABF9351D07672900F5AAE4 /* TitleView.xib in Resources */ = {isa = PBXBuildFile; fileRef = 2FABF9341D07672900F5AAE4 /* TitleView.xib */; };
		2FABF93B1D07D64300F5AAE4 /* HelpViewController.swift in Sources */ = {isa = PBXBuildFile; fileRef = 2FABF93A1D07D64300F5AAE4 /* HelpViewController.swift */; };
		2FD919E31D08966600F8B771 /* VoteMatchesTableViewCell.swift in Sources */ = {isa = PBXBuildFile; fileRef = 2FD919E11D08966600F8B771 /* VoteMatchesTableViewCell.swift */; };
		2FD919E41D08966600F8B771 /* VoteMatchesTableViewCell.xib in Resources */ = {isa = PBXBuildFile; fileRef = 2FD919E21D08966600F8B771 /* VoteMatchesTableViewCell.xib */; };
		2FD919E71D09043F00F8B771 /* BetDialogView.swift in Sources */ = {isa = PBXBuildFile; fileRef = 2FD919E61D09043F00F8B771 /* BetDialogView.swift */; };
		2FD919E91D09046100F8B771 /* BetDialogView.xib in Resources */ = {isa = PBXBuildFile; fileRef = 2FD919E81D09046100F8B771 /* BetDialogView.xib */; };
		2FE39E1E1D04BC6B00A62F1C /* UIColor+Utilities.swift in Sources */ = {isa = PBXBuildFile; fileRef = 2FE39E1D1D04BC6B00A62F1C /* UIColor+Utilities.swift */; };
		44C583AF58B5112A57246843 /* Pods_SoccerPool.framework in Frameworks */ = {isa = PBXBuildFile; fileRef = D1FDBA1971B06030A022B613 /* Pods_SoccerPool.framework */; };
		5E15629F1D08C6AB001F50A2 /* StandingsUserCollectionViewCell.swift in Sources */ = {isa = PBXBuildFile; fileRef = 5E15629D1D08C6AB001F50A2 /* StandingsUserCollectionViewCell.swift */; };
		5E1562A01D08C6AB001F50A2 /* StandingsUserCollectionViewCell.xib in Resources */ = {isa = PBXBuildFile; fileRef = 5E15629E1D08C6AB001F50A2 /* StandingsUserCollectionViewCell.xib */; };
		5E22EC6B1D119F4C00F0DE24 /* StreamingViewController.swift in Sources */ = {isa = PBXBuildFile; fileRef = 5E22EC6A1D119F4C00F0DE24 /* StreamingViewController.swift */; };
		5E286E161D05BA0A00838831 /* SoccerPool.xcdatamodeld in Sources */ = {isa = PBXBuildFile; fileRef = 5E286E141D05BA0A00838831 /* SoccerPool.xcdatamodeld */; };
		5E53F4831D09E28E004CB62E /* NSDate+Utilities.swift in Sources */ = {isa = PBXBuildFile; fileRef = 5E53F4821D09E28E004CB62E /* NSDate+Utilities.swift */; };
		5EB458B81D0BB803003217BD /* UpgradeManager.swift in Sources */ = {isa = PBXBuildFile; fileRef = 5EB458B71D0BB803003217BD /* UpgradeManager.swift */; };
		5ED11BD21D12E887009484C7 /* Adblock.js in Resources */ = {isa = PBXBuildFile; fileRef = 5ED11BD11D12E887009484C7 /* Adblock.js */; };
		5ED215B01D0C5B810088EC94 /* Int+Utilities.swift in Sources */ = {isa = PBXBuildFile; fileRef = 5ED215AF1D0C5B810088EC94 /* Int+Utilities.swift */; };
		5ED215B21D0C7F490088EC94 /* BarGraph+Animations.swift in Sources */ = {isa = PBXBuildFile; fileRef = 5ED215B11D0C7F490088EC94 /* BarGraph+Animations.swift */; };
		5ED215B71D0C8ED40088EC94 /* Double+Utilities.swift in Sources */ = {isa = PBXBuildFile; fileRef = 5ED215B61D0C8ED40088EC94 /* Double+Utilities.swift */; };
		CA16F9861D13A6170015851D /* HorizontalBarGraphView.swift in Sources */ = {isa = PBXBuildFile; fileRef = CA16F9851D13A6170015851D /* HorizontalBarGraphView.swift */; };
		CA3B0A411D0CF0E5000DD8E8 /* FootBallAPI.swift in Sources */ = {isa = PBXBuildFile; fileRef = CA3B0A401D0CF0E5000DD8E8 /* FootBallAPI.swift */; };
		CA3B0A431D0D1C47000DD8E8 /* TeamDetailsViewController.swift in Sources */ = {isa = PBXBuildFile; fileRef = CA3B0A421D0D1C47000DD8E8 /* TeamDetailsViewController.swift */; };
		CA3B0A481D0D1DB7000DD8E8 /* TeamTableViewCell.swift in Sources */ = {isa = PBXBuildFile; fileRef = CA3B0A461D0D1DB7000DD8E8 /* TeamTableViewCell.swift */; };
		CA3B0A491D0D1DB7000DD8E8 /* TeamTableViewCell.xib in Resources */ = {isa = PBXBuildFile; fileRef = CA3B0A471D0D1DB7000DD8E8 /* TeamTableViewCell.xib */; };
		CA3B0A4C1D0D1DFD000DD8E8 /* TeamFlagTableViewCell.swift in Sources */ = {isa = PBXBuildFile; fileRef = CA3B0A4A1D0D1DFD000DD8E8 /* TeamFlagTableViewCell.swift */; };
		CA3B0A4D1D0D1DFD000DD8E8 /* TeamFlagTableViewCell.xib in Resources */ = {isa = PBXBuildFile; fileRef = CA3B0A4B1D0D1DFD000DD8E8 /* TeamFlagTableViewCell.xib */; };
		CA53561C1D0DE4870063C613 /* FootballPlayer.swift in Sources */ = {isa = PBXBuildFile; fileRef = CA53561B1D0DE4870063C613 /* FootballPlayer.swift */; };
		CA5356201D0DE6530063C613 /* FootballStanding.swift in Sources */ = {isa = PBXBuildFile; fileRef = CA53561F1D0DE6530063C613 /* FootballStanding.swift */; };
		CA5F53D21D0658D7007D7C3A /* BaseModel.swift in Sources */ = {isa = PBXBuildFile; fileRef = CA5F53D11D0658D7007D7C3A /* BaseModel.swift */; };
		CA5FB2F51D013E0E00150762 /* LoginViewController.swift in Sources */ = {isa = PBXBuildFile; fileRef = CA5FB2F41D013E0E00150762 /* LoginViewController.swift */; };
		CA5FB2F91D013E8700150762 /* BaseViewController.swift in Sources */ = {isa = PBXBuildFile; fileRef = CA5FB2F81D013E8700150762 /* BaseViewController.swift */; };
		CA5FB2FB1D0141D300150762 /* ServiceLayer.swift in Sources */ = {isa = PBXBuildFile; fileRef = CA5FB2FA1D0141D300150762 /* ServiceLayer.swift */; };
		CA886FA21D08F12A00EC4704 /* NSObject+Utilities.swift in Sources */ = {isa = PBXBuildFile; fileRef = CA886FA11D08F12A00EC4704 /* NSObject+Utilities.swift */; };
		CA886FA41D08F42000EC4704 /* UIView+Utilities.swift in Sources */ = {isa = PBXBuildFile; fileRef = CA886FA31D08F42000EC4704 /* UIView+Utilities.swift */; };
		CA886FA71D09273F00EC4704 /* UIImageView+Utilities.swift in Sources */ = {isa = PBXBuildFile; fileRef = CA886FA61D09273F00EC4704 /* UIImageView+Utilities.swift */; };
		CAA225451D0A5E710090E622 /* UIFont+Utilities.swift in Sources */ = {isa = PBXBuildFile; fileRef = CAA225441D0A5E710090E622 /* UIFont+Utilities.swift */; };
		CAD2AC3A1D068437004AC26E /* BarGraphView.swift in Sources */ = {isa = PBXBuildFile; fileRef = CAD2AC391D068437004AC26E /* BarGraphView.swift */; };
		CAD2AC3C1D0698F5004AC26E /* OrderedDictionary.swift in Sources */ = {isa = PBXBuildFile; fileRef = CAD2AC3B1D0698F5004AC26E /* OrderedDictionary.swift */; };
		CAE147FD1D04A8A3000C67A3 /* NSObject+Serializable.m in Sources */ = {isa = PBXBuildFile; fileRef = CAE147FC1D04A8A3000C67A3 /* NSObject+Serializable.m */; };
		CAE148021D04B06B000C67A3 /* Game.swift in Sources */ = {isa = PBXBuildFile; fileRef = CAE148011D04B06B000C67A3 /* Game.swift */; };
		CAE148061D04B0F8000C67A3 /* Prediction.swift in Sources */ = {isa = PBXBuildFile; fileRef = CAE148051D04B0F8000C67A3 /* Prediction.swift */; };
		CAE7836E1D013B7400492BBD /* AppDelegate.swift in Sources */ = {isa = PBXBuildFile; fileRef = CAE7836D1D013B7400492BBD /* AppDelegate.swift */; };
		CAE783751D013B7400492BBD /* Assets.xcassets in Resources */ = {isa = PBXBuildFile; fileRef = CAE783741D013B7400492BBD /* Assets.xcassets */; };
		CAE783781D013B7400492BBD /* LaunchScreen.storyboard in Resources */ = {isa = PBXBuildFile; fileRef = CAE783761D013B7400492BBD /* LaunchScreen.storyboard */; };
/* End PBXBuildFile section */

/* Begin PBXFileReference section */
		2F615C4A1D0667E600B1C484 /* BaseNavigationController.swift */ = {isa = PBXFileReference; fileEncoding = 4; lastKnownFileType = sourcecode.swift; path = BaseNavigationController.swift; sourceTree = "<group>"; };
		2F615C4D1D06699A00B1C484 /* GamesViewController.swift */ = {isa = PBXFileReference; fileEncoding = 4; lastKnownFileType = sourcecode.swift; path = GamesViewController.swift; sourceTree = "<group>"; };
		2F615C4F1D066A7A00B1C484 /* StandingsViewController.swift */ = {isa = PBXFileReference; fileEncoding = 4; lastKnownFileType = sourcecode.swift; path = StandingsViewController.swift; sourceTree = "<group>"; };
		2F615C551D06730D00B1C484 /* String+Utilities.swift */ = {isa = PBXFileReference; fileEncoding = 4; lastKnownFileType = sourcecode.swift; path = "String+Utilities.swift"; sourceTree = "<group>"; };
		2F7B9F5E1D04A6FC005BEAB8 /* SoccerPool.storyboard */ = {isa = PBXFileReference; fileEncoding = 4; lastKnownFileType = file.storyboard; path = SoccerPool.storyboard; sourceTree = SOURCE_ROOT; };
		2F7B9F621D04B822005BEAB8 /* LoginFieldsView.swift */ = {isa = PBXFileReference; fileEncoding = 4; lastKnownFileType = sourcecode.swift; path = LoginFieldsView.swift; sourceTree = "<group>"; };
		2F7ED2FD1D0693B400656DE5 /* NoMatchesTableViewCell.swift */ = {isa = PBXFileReference; fileEncoding = 4; lastKnownFileType = sourcecode.swift; path = NoMatchesTableViewCell.swift; sourceTree = "<group>"; };
		2F7ED2FE1D0693B400656DE5 /* NoMatchesTableViewCell.xib */ = {isa = PBXFileReference; fileEncoding = 4; lastKnownFileType = file.xib; path = NoMatchesTableViewCell.xib; sourceTree = "<group>"; };
		2F8B270D1D091D08002C0B46 /* FinishedMatchesTableViewCell.swift */ = {isa = PBXFileReference; fileEncoding = 4; lastKnownFileType = sourcecode.swift; path = FinishedMatchesTableViewCell.swift; sourceTree = "<group>"; };
		2F8B270E1D091D08002C0B46 /* FinishedMatchesTableViewCell.xib */ = {isa = PBXFileReference; fileEncoding = 4; lastKnownFileType = file.xib; path = FinishedMatchesTableViewCell.xib; sourceTree = "<group>"; };
		2FABF9321D0766EA00F5AAE4 /* TitleView.swift */ = {isa = PBXFileReference; fileEncoding = 4; lastKnownFileType = sourcecode.swift; path = TitleView.swift; sourceTree = "<group>"; };
		2FABF9341D07672900F5AAE4 /* TitleView.xib */ = {isa = PBXFileReference; fileEncoding = 4; lastKnownFileType = file.xib; path = TitleView.xib; sourceTree = "<group>"; };
		2FABF93A1D07D64300F5AAE4 /* HelpViewController.swift */ = {isa = PBXFileReference; fileEncoding = 4; lastKnownFileType = sourcecode.swift; path = HelpViewController.swift; sourceTree = "<group>"; };
		2FD919E11D08966600F8B771 /* VoteMatchesTableViewCell.swift */ = {isa = PBXFileReference; fileEncoding = 4; lastKnownFileType = sourcecode.swift; path = VoteMatchesTableViewCell.swift; sourceTree = "<group>"; };
		2FD919E21D08966600F8B771 /* VoteMatchesTableViewCell.xib */ = {isa = PBXFileReference; fileEncoding = 4; lastKnownFileType = file.xib; path = VoteMatchesTableViewCell.xib; sourceTree = "<group>"; };
		2FD919E61D09043F00F8B771 /* BetDialogView.swift */ = {isa = PBXFileReference; fileEncoding = 4; lastKnownFileType = sourcecode.swift; path = BetDialogView.swift; sourceTree = "<group>"; };
		2FD919E81D09046100F8B771 /* BetDialogView.xib */ = {isa = PBXFileReference; fileEncoding = 4; lastKnownFileType = file.xib; path = BetDialogView.xib; sourceTree = "<group>"; };
		2FE39E1D1D04BC6B00A62F1C /* UIColor+Utilities.swift */ = {isa = PBXFileReference; fileEncoding = 4; lastKnownFileType = sourcecode.swift; path = "UIColor+Utilities.swift"; sourceTree = "<group>"; };
		4E875914CD1D81C714DAED12 /* Pods-SoccerPool.debug.xcconfig */ = {isa = PBXFileReference; includeInIndex = 1; lastKnownFileType = text.xcconfig; name = "Pods-SoccerPool.debug.xcconfig"; path = "Pods/Target Support Files/Pods-SoccerPool/Pods-SoccerPool.debug.xcconfig"; sourceTree = "<group>"; };
		5E15629D1D08C6AB001F50A2 /* StandingsUserCollectionViewCell.swift */ = {isa = PBXFileReference; fileEncoding = 4; lastKnownFileType = sourcecode.swift; path = StandingsUserCollectionViewCell.swift; sourceTree = "<group>"; };
		5E15629E1D08C6AB001F50A2 /* StandingsUserCollectionViewCell.xib */ = {isa = PBXFileReference; fileEncoding = 4; lastKnownFileType = file.xib; path = StandingsUserCollectionViewCell.xib; sourceTree = "<group>"; };
		5E22EC6A1D119F4C00F0DE24 /* StreamingViewController.swift */ = {isa = PBXFileReference; fileEncoding = 4; lastKnownFileType = sourcecode.swift; path = StreamingViewController.swift; sourceTree = "<group>"; };
		5E286E151D05BA0A00838831 /* SoccerPool.xcdatamodel */ = {isa = PBXFileReference; lastKnownFileType = wrapper.xcdatamodel; path = SoccerPool.xcdatamodel; sourceTree = "<group>"; };
		5E53F4821D09E28E004CB62E /* NSDate+Utilities.swift */ = {isa = PBXFileReference; fileEncoding = 4; lastKnownFileType = sourcecode.swift; path = "NSDate+Utilities.swift"; sourceTree = "<group>"; };
		5EB458B71D0BB803003217BD /* UpgradeManager.swift */ = {isa = PBXFileReference; fileEncoding = 4; lastKnownFileType = sourcecode.swift; path = UpgradeManager.swift; sourceTree = "<group>"; };
		5ED11BD11D12E887009484C7 /* Adblock.js */ = {isa = PBXFileReference; fileEncoding = 4; lastKnownFileType = sourcecode.javascript; path = Adblock.js; sourceTree = "<group>"; };
		5ED215AF1D0C5B810088EC94 /* Int+Utilities.swift */ = {isa = PBXFileReference; fileEncoding = 4; lastKnownFileType = sourcecode.swift; path = "Int+Utilities.swift"; sourceTree = "<group>"; };
		5ED215B11D0C7F490088EC94 /* BarGraph+Animations.swift */ = {isa = PBXFileReference; fileEncoding = 4; lastKnownFileType = sourcecode.swift; path = "BarGraph+Animations.swift"; sourceTree = "<group>"; };
		5ED215B61D0C8ED40088EC94 /* Double+Utilities.swift */ = {isa = PBXFileReference; fileEncoding = 4; lastKnownFileType = sourcecode.swift; path = "Double+Utilities.swift"; sourceTree = "<group>"; };
		C47CCEBB48532F0E083249D2 /* Pods-SoccerPool.release.xcconfig */ = {isa = PBXFileReference; includeInIndex = 1; lastKnownFileType = text.xcconfig; name = "Pods-SoccerPool.release.xcconfig"; path = "Pods/Target Support Files/Pods-SoccerPool/Pods-SoccerPool.release.xcconfig"; sourceTree = "<group>"; };
		CA16F9851D13A6170015851D /* HorizontalBarGraphView.swift */ = {isa = PBXFileReference; fileEncoding = 4; lastKnownFileType = sourcecode.swift; path = HorizontalBarGraphView.swift; sourceTree = "<group>"; };
		CA3B0A401D0CF0E5000DD8E8 /* FootBallAPI.swift */ = {isa = PBXFileReference; fileEncoding = 4; lastKnownFileType = sourcecode.swift; path = FootBallAPI.swift; sourceTree = "<group>"; };
		CA3B0A421D0D1C47000DD8E8 /* TeamDetailsViewController.swift */ = {isa = PBXFileReference; fileEncoding = 4; lastKnownFileType = sourcecode.swift; path = TeamDetailsViewController.swift; sourceTree = "<group>"; };
		CA3B0A461D0D1DB7000DD8E8 /* TeamTableViewCell.swift */ = {isa = PBXFileReference; fileEncoding = 4; lastKnownFileType = sourcecode.swift; path = TeamTableViewCell.swift; sourceTree = "<group>"; };
		CA3B0A471D0D1DB7000DD8E8 /* TeamTableViewCell.xib */ = {isa = PBXFileReference; fileEncoding = 4; lastKnownFileType = file.xib; path = TeamTableViewCell.xib; sourceTree = "<group>"; };
		CA3B0A4A1D0D1DFD000DD8E8 /* TeamFlagTableViewCell.swift */ = {isa = PBXFileReference; fileEncoding = 4; lastKnownFileType = sourcecode.swift; path = TeamFlagTableViewCell.swift; sourceTree = "<group>"; };
		CA3B0A4B1D0D1DFD000DD8E8 /* TeamFlagTableViewCell.xib */ = {isa = PBXFileReference; fileEncoding = 4; lastKnownFileType = file.xib; path = TeamFlagTableViewCell.xib; sourceTree = "<group>"; };
		CA53561B1D0DE4870063C613 /* FootballPlayer.swift */ = {isa = PBXFileReference; fileEncoding = 4; lastKnownFileType = sourcecode.swift; path = FootballPlayer.swift; sourceTree = "<group>"; };
		CA53561F1D0DE6530063C613 /* FootballStanding.swift */ = {isa = PBXFileReference; fileEncoding = 4; lastKnownFileType = sourcecode.swift; path = FootballStanding.swift; sourceTree = "<group>"; };
		CA5F53CF1D065773007D7C3A /* CoreData.framework */ = {isa = PBXFileReference; lastKnownFileType = wrapper.framework; name = CoreData.framework; path = System/Library/Frameworks/CoreData.framework; sourceTree = SDKROOT; };
		CA5F53D11D0658D7007D7C3A /* BaseModel.swift */ = {isa = PBXFileReference; fileEncoding = 4; lastKnownFileType = sourcecode.swift; path = BaseModel.swift; sourceTree = "<group>"; };
		CA5FB2F41D013E0E00150762 /* LoginViewController.swift */ = {isa = PBXFileReference; fileEncoding = 4; lastKnownFileType = sourcecode.swift; path = LoginViewController.swift; sourceTree = "<group>"; };
		CA5FB2F81D013E8700150762 /* BaseViewController.swift */ = {isa = PBXFileReference; fileEncoding = 4; lastKnownFileType = sourcecode.swift; path = BaseViewController.swift; sourceTree = "<group>"; };
		CA5FB2FA1D0141D300150762 /* ServiceLayer.swift */ = {isa = PBXFileReference; fileEncoding = 4; lastKnownFileType = sourcecode.swift; path = ServiceLayer.swift; sourceTree = "<group>"; };
		CA886FA11D08F12A00EC4704 /* NSObject+Utilities.swift */ = {isa = PBXFileReference; fileEncoding = 4; lastKnownFileType = sourcecode.swift; path = "NSObject+Utilities.swift"; sourceTree = "<group>"; };
		CA886FA31D08F42000EC4704 /* UIView+Utilities.swift */ = {isa = PBXFileReference; fileEncoding = 4; lastKnownFileType = sourcecode.swift; path = "UIView+Utilities.swift"; sourceTree = "<group>"; };
		CA886FA61D09273F00EC4704 /* UIImageView+Utilities.swift */ = {isa = PBXFileReference; fileEncoding = 4; lastKnownFileType = sourcecode.swift; path = "UIImageView+Utilities.swift"; sourceTree = "<group>"; };
		CAA225441D0A5E710090E622 /* UIFont+Utilities.swift */ = {isa = PBXFileReference; fileEncoding = 4; lastKnownFileType = sourcecode.swift; path = "UIFont+Utilities.swift"; sourceTree = "<group>"; };
		CAD2AC391D068437004AC26E /* BarGraphView.swift */ = {isa = PBXFileReference; fileEncoding = 4; lastKnownFileType = sourcecode.swift; path = BarGraphView.swift; sourceTree = "<group>"; };
		CAD2AC3B1D0698F5004AC26E /* OrderedDictionary.swift */ = {isa = PBXFileReference; fileEncoding = 4; lastKnownFileType = sourcecode.swift; path = OrderedDictionary.swift; sourceTree = "<group>"; };
		CAE147FA1D04A8A3000C67A3 /* SoccerPool-Bridging-Header.h */ = {isa = PBXFileReference; lastKnownFileType = sourcecode.c.h; path = "SoccerPool-Bridging-Header.h"; sourceTree = "<group>"; };
		CAE147FB1D04A8A3000C67A3 /* NSObject+Serializable.h */ = {isa = PBXFileReference; fileEncoding = 4; lastKnownFileType = sourcecode.c.h; path = "NSObject+Serializable.h"; sourceTree = "<group>"; };
		CAE147FC1D04A8A3000C67A3 /* NSObject+Serializable.m */ = {isa = PBXFileReference; fileEncoding = 4; lastKnownFileType = sourcecode.c.objc; path = "NSObject+Serializable.m"; sourceTree = "<group>"; };
		CAE147FF1D04A95E000C67A3 /* Pool.swift */ = {isa = PBXFileReference; fileEncoding = 4; lastKnownFileType = sourcecode.swift; path = Pool.swift; sourceTree = "<group>"; };
		CAE148011D04B06B000C67A3 /* Game.swift */ = {isa = PBXFileReference; fileEncoding = 4; lastKnownFileType = sourcecode.swift; path = Game.swift; sourceTree = "<group>"; };
		CAE148031D04B096000C67A3 /* Team.swift */ = {isa = PBXFileReference; fileEncoding = 4; lastKnownFileType = sourcecode.swift; path = Team.swift; sourceTree = "<group>"; };
		CAE148051D04B0F8000C67A3 /* Prediction.swift */ = {isa = PBXFileReference; fileEncoding = 4; lastKnownFileType = sourcecode.swift; path = Prediction.swift; sourceTree = "<group>"; };
		CAE7836A1D013B7400492BBD /* SoccerPool.app */ = {isa = PBXFileReference; explicitFileType = wrapper.application; includeInIndex = 0; path = SoccerPool.app; sourceTree = BUILT_PRODUCTS_DIR; };
		CAE7836D1D013B7400492BBD /* AppDelegate.swift */ = {isa = PBXFileReference; lastKnownFileType = sourcecode.swift; path = AppDelegate.swift; sourceTree = "<group>"; };
		CAE783741D013B7400492BBD /* Assets.xcassets */ = {isa = PBXFileReference; lastKnownFileType = folder.assetcatalog; path = Assets.xcassets; sourceTree = "<group>"; };
		CAE783771D013B7400492BBD /* Base */ = {isa = PBXFileReference; lastKnownFileType = file.storyboard; name = Base; path = Base.lproj/LaunchScreen.storyboard; sourceTree = "<group>"; };
		CAE783791D013B7400492BBD /* Info.plist */ = {isa = PBXFileReference; lastKnownFileType = text.plist.xml; path = Info.plist; sourceTree = "<group>"; };
		D1FDBA1971B06030A022B613 /* Pods_SoccerPool.framework */ = {isa = PBXFileReference; explicitFileType = wrapper.framework; includeInIndex = 0; path = Pods_SoccerPool.framework; sourceTree = BUILT_PRODUCTS_DIR; };
/* End PBXFileReference section */

/* Begin PBXFrameworksBuildPhase section */
		CAE783671D013B7400492BBD /* Frameworks */ = {
			isa = PBXFrameworksBuildPhase;
			buildActionMask = 2147483647;
			files = (
				44C583AF58B5112A57246843 /* Pods_SoccerPool.framework in Frameworks */,
			);
			runOnlyForDeploymentPostprocessing = 0;
		};
/* End PBXFrameworksBuildPhase section */

/* Begin PBXGroup section */
		2F615C491D06677E00B1C484 /* Service Layer */ = {
			isa = PBXGroup;
			children = (
				CA5FB2FA1D0141D300150762 /* ServiceLayer.swift */,
				5EB458B71D0BB803003217BD /* UpgradeManager.swift */,
				CA3B0A401D0CF0E5000DD8E8 /* FootBallAPI.swift */,
				5ED11BD11D12E887009484C7 /* Adblock.js */,
			);
			name = "Service Layer";
			sourceTree = "<group>";
		};
		2F615C4C1D06696900B1C484 /* Games */ = {
			isa = PBXGroup;
			children = (
				2F615C4D1D06699A00B1C484 /* GamesViewController.swift */,
				2F7ED3011D06979500656DE5 /* GamesTableViewCells */,
				2FD919E51D0903F700F8B771 /* GamesDialogView */,
			);
			name = Games;
			sourceTree = "<group>";
		};
		2F615C511D066A7F00B1C484 /* StandingsViewController */ = {
			isa = PBXGroup;
			children = (
				5E1562981D08C5C7001F50A2 /* StandingCollectionViewCells */,
				2F615C4F1D066A7A00B1C484 /* StandingsViewController.swift */,
			);
			name = StandingsViewController;
			sourceTree = "<group>";
		};
		2F7B9F611D04B7F5005BEAB8 /* Login */ = {
			isa = PBXGroup;
			children = (
				CA5FB2F41D013E0E00150762 /* LoginViewController.swift */,
				2F7B9F621D04B822005BEAB8 /* LoginFieldsView.swift */,
			);
			name = Login;
			sourceTree = "<group>";
		};
		2F7ED3011D06979500656DE5 /* GamesTableViewCells */ = {
			isa = PBXGroup;
			children = (
				2F7ED2FD1D0693B400656DE5 /* NoMatchesTableViewCell.swift */,
				2F7ED2FE1D0693B400656DE5 /* NoMatchesTableViewCell.xib */,
				2FD919E11D08966600F8B771 /* VoteMatchesTableViewCell.swift */,
				2FD919E21D08966600F8B771 /* VoteMatchesTableViewCell.xib */,
				2F8B270D1D091D08002C0B46 /* FinishedMatchesTableViewCell.swift */,
				2F8B270E1D091D08002C0B46 /* FinishedMatchesTableViewCell.xib */,
			);
			name = GamesTableViewCells;
			sourceTree = "<group>";
		};
		2FABF9311D0766D500F5AAE4 /* TitleView */ = {
			isa = PBXGroup;
			children = (
				2FABF9321D0766EA00F5AAE4 /* TitleView.swift */,
				2FABF9341D07672900F5AAE4 /* TitleView.xib */,
			);
			name = TitleView;
			sourceTree = "<group>";
		};
		2FABF9361D07BDF400F5AAE4 /* BarGraphView */ = {
			isa = PBXGroup;
			children = (
				CAD2AC391D068437004AC26E /* BarGraphView.swift */,
				CA16F9851D13A6170015851D /* HorizontalBarGraphView.swift */,
			);
			name = BarGraphView;
			sourceTree = "<group>";
		};
		2FABF9391D07D5F100F5AAE4 /* Help */ = {
			isa = PBXGroup;
			children = (
				2FABF93A1D07D64300F5AAE4 /* HelpViewController.swift */,
			);
			name = Help;
			sourceTree = "<group>";
		};
		2FD919E51D0903F700F8B771 /* GamesDialogView */ = {
			isa = PBXGroup;
			children = (
				2FD919E61D09043F00F8B771 /* BetDialogView.swift */,
				2FD919E81D09046100F8B771 /* BetDialogView.xib */,
			);
			name = GamesDialogView;
			sourceTree = "<group>";
		};
		2FE39E1C1D04BC1700A62F1C /* Utilities */ = {
			isa = PBXGroup;
			children = (
				2FE39E1D1D04BC6B00A62F1C /* UIColor+Utilities.swift */,
				2F615C551D06730D00B1C484 /* String+Utilities.swift */,
				CAD2AC3B1D0698F5004AC26E /* OrderedDictionary.swift */,
				CA886FA11D08F12A00EC4704 /* NSObject+Utilities.swift */,
				CA886FA31D08F42000EC4704 /* UIView+Utilities.swift */,
				CA886FA61D09273F00EC4704 /* UIImageView+Utilities.swift */,
				5E53F4821D09E28E004CB62E /* NSDate+Utilities.swift */,
				CAA225441D0A5E710090E622 /* UIFont+Utilities.swift */,
				5ED215AF1D0C5B810088EC94 /* Int+Utilities.swift */,
				5ED215B11D0C7F490088EC94 /* BarGraph+Animations.swift */,
				5ED215B61D0C8ED40088EC94 /* Double+Utilities.swift */,
			);
			name = Utilities;
			sourceTree = "<group>";
		};
		2FE39E211D04D5B400A62F1C /* Controllers */ = {
			isa = PBXGroup;
			children = (
				5E22EC691D119F3700F0DE24 /* Streaming */,
				CA3B0A441D0D1D0E000DD8E8 /* Teams */,
				2F615C4C1D06696900B1C484 /* Games */,
				2F615C511D066A7F00B1C484 /* StandingsViewController */,
				2FABF9391D07D5F100F5AAE4 /* Help */,
				2F7B9F611D04B7F5005BEAB8 /* Login */,
				2FE39E231D04D63200A62F1C /* Base */,
			);
			name = Controllers;
			sourceTree = "<group>";
		};
		2FE39E221D04D5E000A62F1C /* View */ = {
			isa = PBXGroup;
			children = (
				2F7B9F5E1D04A6FC005BEAB8 /* SoccerPool.storyboard */,
				CAE783761D013B7400492BBD /* LaunchScreen.storyboard */,
			);
			name = View;
			sourceTree = "<group>";
		};
		2FE39E231D04D63200A62F1C /* Base */ = {
			isa = PBXGroup;
			children = (
				CA5FB2F81D013E8700150762 /* BaseViewController.swift */,
				2F615C4A1D0667E600B1C484 /* BaseNavigationController.swift */,
			);
			name = Base;
			sourceTree = "<group>";
		};
		2FE39E271D04FAD400A62F1C /* Resources */ = {
			isa = PBXGroup;
			children = (
				2FABF9361D07BDF400F5AAE4 /* BarGraphView */,
				2FABF9311D0766D500F5AAE4 /* TitleView */,
				CAE147FB1D04A8A3000C67A3 /* NSObject+Serializable.h */,
				CAE147FC1D04A8A3000C67A3 /* NSObject+Serializable.m */,
				CAE783741D013B7400492BBD /* Assets.xcassets */,
				CAE783791D013B7400492BBD /* Info.plist */,
				CAE147FA1D04A8A3000C67A3 /* SoccerPool-Bridging-Header.h */,
			);
			name = Resources;
			sourceTree = "<group>";
		};
		4E596C152D54131EF147D696 /* Frameworks */ = {
			isa = PBXGroup;
			children = (
				CA5F53CF1D065773007D7C3A /* CoreData.framework */,
				D1FDBA1971B06030A022B613 /* Pods_SoccerPool.framework */,
			);
			name = Frameworks;
			sourceTree = "<group>";
		};
		5E1562981D08C5C7001F50A2 /* StandingCollectionViewCells */ = {
			isa = PBXGroup;
			children = (
				5E15629D1D08C6AB001F50A2 /* StandingsUserCollectionViewCell.swift */,
				5E15629E1D08C6AB001F50A2 /* StandingsUserCollectionViewCell.xib */,
			);
			name = StandingCollectionViewCells;
			sourceTree = "<group>";
		};
		5E22EC691D119F3700F0DE24 /* Streaming */ = {
			isa = PBXGroup;
			children = (
				5E22EC6A1D119F4C00F0DE24 /* StreamingViewController.swift */,
			);
			name = Streaming;
			sourceTree = "<group>";
		};
		CA3B0A441D0D1D0E000DD8E8 /* Teams */ = {
			isa = PBXGroup;
			children = (
				CA3B0A451D0D1D19000DD8E8 /* TeamTableViewCells */,
				CA3B0A421D0D1C47000DD8E8 /* TeamDetailsViewController.swift */,
			);
			name = Teams;
			sourceTree = "<group>";
		};
		CA3B0A451D0D1D19000DD8E8 /* TeamTableViewCells */ = {
			isa = PBXGroup;
			children = (
				CA3B0A461D0D1DB7000DD8E8 /* TeamTableViewCell.swift */,
				CA3B0A471D0D1DB7000DD8E8 /* TeamTableViewCell.xib */,
				CA3B0A4A1D0D1DFD000DD8E8 /* TeamFlagTableViewCell.swift */,
				CA3B0A4B1D0D1DFD000DD8E8 /* TeamFlagTableViewCell.xib */,
			);
			name = TeamTableViewCells;
			sourceTree = "<group>";
		};
		CA53561A1D0DE4780063C613 /* FootballAPI */ = {
			isa = PBXGroup;
			children = (
				CA53561B1D0DE4870063C613 /* FootballPlayer.swift */,
				CA53561F1D0DE6530063C613 /* FootballStanding.swift */,
			);
			name = FootballAPI;
			sourceTree = "<group>";
		};
		CABB72C2DF6493E03D6C997F /* Pods */ = {
			isa = PBXGroup;
			children = (
				4E875914CD1D81C714DAED12 /* Pods-SoccerPool.debug.xcconfig */,
				C47CCEBB48532F0E083249D2 /* Pods-SoccerPool.release.xcconfig */,
			);
			name = Pods;
			sourceTree = "<group>";
		};
		CAE147FE1D04A93D000C67A3 /* Models */ = {
			isa = PBXGroup;
			children = (
				CA53561A1D0DE4780063C613 /* FootballAPI */,
				5E286E141D05BA0A00838831 /* SoccerPool.xcdatamodeld */,
				CAE147FF1D04A95E000C67A3 /* Pool.swift */,
				CAE148011D04B06B000C67A3 /* Game.swift */,
				CAE148031D04B096000C67A3 /* Team.swift */,
				CAE148051D04B0F8000C67A3 /* Prediction.swift */,
				CA5F53D11D0658D7007D7C3A /* BaseModel.swift */,
			);
			name = Models;
			sourceTree = "<group>";
		};
		CAE783611D013B7400492BBD = {
			isa = PBXGroup;
			children = (
				CAE7836C1D013B7400492BBD /* SoccerPool */,
				CAE7836B1D013B7400492BBD /* Products */,
				4E596C152D54131EF147D696 /* Frameworks */,
				CABB72C2DF6493E03D6C997F /* Pods */,
			);
			sourceTree = "<group>";
		};
		CAE7836B1D013B7400492BBD /* Products */ = {
			isa = PBXGroup;
			children = (
				CAE7836A1D013B7400492BBD /* SoccerPool.app */,
			);
			name = Products;
			sourceTree = "<group>";
		};
		CAE7836C1D013B7400492BBD /* SoccerPool */ = {
			isa = PBXGroup;
			children = (
				2FE39E271D04FAD400A62F1C /* Resources */,
				2FE39E221D04D5E000A62F1C /* View */,
				2FE39E211D04D5B400A62F1C /* Controllers */,
				2FE39E1C1D04BC1700A62F1C /* Utilities */,
				CAE147FE1D04A93D000C67A3 /* Models */,
				2F615C491D06677E00B1C484 /* Service Layer */,
				CAE7836D1D013B7400492BBD /* AppDelegate.swift */,
			);
			path = SoccerPool;
			sourceTree = "<group>";
		};
/* End PBXGroup section */

/* Begin PBXNativeTarget section */
		CAE783691D013B7400492BBD /* SoccerPool */ = {
			isa = PBXNativeTarget;
			buildConfigurationList = CAE7837C1D013B7400492BBD /* Build configuration list for PBXNativeTarget "SoccerPool" */;
			buildPhases = (
				84E4A98294CFCCEC3A9A9256 /* [CP] Check Pods Manifest.lock */,
				CAE783661D013B7400492BBD /* Sources */,
				CAE783671D013B7400492BBD /* Frameworks */,
				CAE783681D013B7400492BBD /* Resources */,
				9A41AC62B5060E0C57B83A96 /* [CP] Embed Pods Frameworks */,
				4257088B6706BE57E296ED32 /* [CP] Copy Pods Resources */,
				A22491134BBF206851768271 /* Embed Pods Frameworks */,
			);
			buildRules = (
			);
			dependencies = (
			);
			name = SoccerPool;
			productName = SoccerPool;
			productReference = CAE7836A1D013B7400492BBD /* SoccerPool.app */;
			productType = "com.apple.product-type.application";
		};
/* End PBXNativeTarget section */

/* Begin PBXProject section */
		CAE783621D013B7400492BBD /* Project object */ = {
			isa = PBXProject;
			attributes = {
				LastSwiftUpdateCheck = 0730;
				LastUpgradeCheck = 0730;
				ORGANIZATIONNAME = XIO;
				TargetAttributes = {
					CAE783691D013B7400492BBD = {
						CreatedOnToolsVersion = 7.3.1;
						DevelopmentTeam = J76D8DN9ES;
					};
				};
			};
			buildConfigurationList = CAE783651D013B7400492BBD /* Build configuration list for PBXProject "SoccerPool" */;
			compatibilityVersion = "Xcode 3.2";
			developmentRegion = English;
			hasScannedForEncodings = 0;
			knownRegions = (
				en,
				Base,
			);
			mainGroup = CAE783611D013B7400492BBD;
			productRefGroup = CAE7836B1D013B7400492BBD /* Products */;
			projectDirPath = "";
			projectRoot = "";
			targets = (
				CAE783691D013B7400492BBD /* SoccerPool */,
			);
		};
/* End PBXProject section */

/* Begin PBXResourcesBuildPhase section */
		CAE783681D013B7400492BBD /* Resources */ = {
			isa = PBXResourcesBuildPhase;
			buildActionMask = 2147483647;
			files = (
				2F7ED3001D0693B400656DE5 /* NoMatchesTableViewCell.xib in Resources */,
				5E1562A01D08C6AB001F50A2 /* StandingsUserCollectionViewCell.xib in Resources */,
				2FABF9351D07672900F5AAE4 /* TitleView.xib in Resources */,
				CAE783781D013B7400492BBD /* LaunchScreen.storyboard in Resources */,
				2FD919E91D09046100F8B771 /* BetDialogView.xib in Resources */,
				CAE783751D013B7400492BBD /* Assets.xcassets in Resources */,
				CA3B0A491D0D1DB7000DD8E8 /* TeamTableViewCell.xib in Resources */,
				2F7B9F5F1D04A6FC005BEAB8 /* SoccerPool.storyboard in Resources */,
				2FD919E41D08966600F8B771 /* VoteMatchesTableViewCell.xib in Resources */,
				5ED11BD21D12E887009484C7 /* Adblock.js in Resources */,
				CA3B0A4D1D0D1DFD000DD8E8 /* TeamFlagTableViewCell.xib in Resources */,
				2F8B27101D091D08002C0B46 /* FinishedMatchesTableViewCell.xib in Resources */,
			);
			runOnlyForDeploymentPostprocessing = 0;
		};
/* End PBXResourcesBuildPhase section */

/* Begin PBXShellScriptBuildPhase section */
		4257088B6706BE57E296ED32 /* [CP] Copy Pods Resources */ = {
			isa = PBXShellScriptBuildPhase;
			buildActionMask = 2147483647;
			files = (
			);
			inputPaths = (
			);
			name = "[CP] Copy Pods Resources";
			outputPaths = (
			);
			runOnlyForDeploymentPostprocessing = 0;
			shellPath = /bin/sh;
			shellScript = "\"${SRCROOT}/Pods/Target Support Files/Pods-SoccerPool/Pods-SoccerPool-resources.sh\"\n";
			showEnvVarsInLog = 0;
		};
		84E4A98294CFCCEC3A9A9256 /* [CP] Check Pods Manifest.lock */ = {
			isa = PBXShellScriptBuildPhase;
			buildActionMask = 2147483647;
			files = (
			);
			inputPaths = (
			);
			name = "[CP] Check Pods Manifest.lock";
			outputPaths = (
			);
			runOnlyForDeploymentPostprocessing = 0;
			shellPath = /bin/sh;
			shellScript = "diff \"${PODS_ROOT}/../Podfile.lock\" \"${PODS_ROOT}/Manifest.lock\" > /dev/null\nif [[ $? != 0 ]] ; then\n    cat << EOM\nerror: The sandbox is not in sync with the Podfile.lock. Run 'pod install' or update your CocoaPods installation.\nEOM\n    exit 1\nfi\n";
			showEnvVarsInLog = 0;
		};
		9A41AC62B5060E0C57B83A96 /* [CP] Embed Pods Frameworks */ = {
			isa = PBXShellScriptBuildPhase;
			buildActionMask = 2147483647;
			files = (
			);
			inputPaths = (
			);
			name = "[CP] Embed Pods Frameworks";
			outputPaths = (
			);
			runOnlyForDeploymentPostprocessing = 0;
			shellPath = /bin/sh;
			shellScript = "\"${SRCROOT}/Pods/Target Support Files/Pods-SoccerPool/Pods-SoccerPool-frameworks.sh\"\n";
			showEnvVarsInLog = 0;
		};
		A22491134BBF206851768271 /* Embed Pods Frameworks */ = {
			isa = PBXShellScriptBuildPhase;
			buildActionMask = 2147483647;
			files = (
			);
			inputPaths = (
			);
			name = "Embed Pods Frameworks";
			outputPaths = (
			);
			runOnlyForDeploymentPostprocessing = 0;
			shellPath = /bin/sh;
			shellScript = "\"${SRCROOT}/Pods/Target Support Files/Pods-SoccerPool/Pods-SoccerPool-frameworks.sh\"\n";
			showEnvVarsInLog = 0;
		};
/* End PBXShellScriptBuildPhase section */

/* Begin PBXSourcesBuildPhase section */
		CAE783661D013B7400492BBD /* Sources */ = {
			isa = PBXSourcesBuildPhase;
			buildActionMask = 2147483647;
			files = (
				CA3B0A4C1D0D1DFD000DD8E8 /* TeamFlagTableViewCell.swift in Sources */,
				2F39489F1D05B78D00C8B6B3 /* Pool.swift in Sources */,
				2F3948A01D05B78D00C8B6B3 /* Team.swift in Sources */,
				2F615C501D066A7A00B1C484 /* StandingsViewController.swift in Sources */,
				CAA225451D0A5E710090E622 /* UIFont+Utilities.swift in Sources */,
				CAE147FD1D04A8A3000C67A3 /* NSObject+Serializable.m in Sources */,
				CA5F53D21D0658D7007D7C3A /* BaseModel.swift in Sources */,
				CA886FA41D08F42000EC4704 /* UIView+Utilities.swift in Sources */,
				2F615C4E1D06699A00B1C484 /* GamesViewController.swift in Sources */,
				CA3B0A481D0D1DB7000DD8E8 /* TeamTableViewCell.swift in Sources */,
				CA886FA71D09273F00EC4704 /* UIImageView+Utilities.swift in Sources */,
				5E22EC6B1D119F4C00F0DE24 /* StreamingViewController.swift in Sources */,
				2FD919E31D08966600F8B771 /* VoteMatchesTableViewCell.swift in Sources */,
				5ED215B71D0C8ED40088EC94 /* Double+Utilities.swift in Sources */,
				CAE148021D04B06B000C67A3 /* Game.swift in Sources */,
				2F615C561D06730D00B1C484 /* String+Utilities.swift in Sources */,
				5E286E161D05BA0A00838831 /* SoccerPool.xcdatamodeld in Sources */,
				5ED215B21D0C7F490088EC94 /* BarGraph+Animations.swift in Sources */,
				2F7ED2FF1D0693B400656DE5 /* NoMatchesTableViewCell.swift in Sources */,
				CA5FB2F91D013E8700150762 /* BaseViewController.swift in Sources */,
				CA3B0A411D0CF0E5000DD8E8 /* FootBallAPI.swift in Sources */,
				2FD919E71D09043F00F8B771 /* BetDialogView.swift in Sources */,
				2FABF93B1D07D64300F5AAE4 /* HelpViewController.swift in Sources */,
				5ED215B01D0C5B810088EC94 /* Int+Utilities.swift in Sources */,
				CAE148061D04B0F8000C67A3 /* Prediction.swift in Sources */,
				5EB458B81D0BB803003217BD /* UpgradeManager.swift in Sources */,
				CA5356201D0DE6530063C613 /* FootballStanding.swift in Sources */,
				2F615C4B1D0667E600B1C484 /* BaseNavigationController.swift in Sources */,
				CA3B0A431D0D1C47000DD8E8 /* TeamDetailsViewController.swift in Sources */,
				CA5FB2F51D013E0E00150762 /* LoginViewController.swift in Sources */,
				CAD2AC3C1D0698F5004AC26E /* OrderedDictionary.swift in Sources */,
				2F8B270F1D091D08002C0B46 /* FinishedMatchesTableViewCell.swift in Sources */,
				5E53F4831D09E28E004CB62E /* NSDate+Utilities.swift in Sources */,
				CA53561C1D0DE4870063C613 /* FootballPlayer.swift in Sources */,
				5E15629F1D08C6AB001F50A2 /* StandingsUserCollectionViewCell.swift in Sources */,
				CAE7836E1D013B7400492BBD /* AppDelegate.swift in Sources */,
				2F7B9F631D04B822005BEAB8 /* LoginFieldsView.swift in Sources */,
				2FABF9331D0766EA00F5AAE4 /* TitleView.swift in Sources */,
				CAD2AC3A1D068437004AC26E /* BarGraphView.swift in Sources */,
				2FE39E1E1D04BC6B00A62F1C /* UIColor+Utilities.swift in Sources */,
				CA16F9861D13A6170015851D /* HorizontalBarGraphView.swift in Sources */,
				CA886FA21D08F12A00EC4704 /* NSObject+Utilities.swift in Sources */,
				CA5FB2FB1D0141D300150762 /* ServiceLayer.swift in Sources */,
			);
			runOnlyForDeploymentPostprocessing = 0;
		};
/* End PBXSourcesBuildPhase section */

/* Begin PBXVariantGroup section */
		CAE783761D013B7400492BBD /* LaunchScreen.storyboard */ = {
			isa = PBXVariantGroup;
			children = (
				CAE783771D013B7400492BBD /* Base */,
			);
			name = LaunchScreen.storyboard;
			sourceTree = "<group>";
		};
/* End PBXVariantGroup section */

/* Begin XCBuildConfiguration section */
		CAE7837A1D013B7400492BBD /* Debug */ = {
			isa = XCBuildConfiguration;
			buildSettings = {
				ALWAYS_SEARCH_USER_PATHS = NO;
				CLANG_ANALYZER_NONNULL = YES;
				CLANG_CXX_LANGUAGE_STANDARD = "gnu++0x";
				CLANG_CXX_LIBRARY = "libc++";
				CLANG_ENABLE_MODULES = YES;
				CLANG_ENABLE_OBJC_ARC = YES;
				CLANG_WARN_BOOL_CONVERSION = YES;
				CLANG_WARN_CONSTANT_CONVERSION = YES;
				CLANG_WARN_DIRECT_OBJC_ISA_USAGE = YES_ERROR;
				CLANG_WARN_EMPTY_BODY = YES;
				CLANG_WARN_ENUM_CONVERSION = YES;
				CLANG_WARN_INT_CONVERSION = YES;
				CLANG_WARN_OBJC_ROOT_CLASS = YES_ERROR;
				CLANG_WARN_UNREACHABLE_CODE = YES;
				CLANG_WARN__DUPLICATE_METHOD_MATCH = YES;
				"CODE_SIGN_IDENTITY[sdk=iphoneos*]" = "iPhone Developer";
				COPY_PHASE_STRIP = NO;
				DEBUG_INFORMATION_FORMAT = dwarf;
				ENABLE_STRICT_OBJC_MSGSEND = YES;
				ENABLE_TESTABILITY = YES;
				GCC_C_LANGUAGE_STANDARD = gnu99;
				GCC_DYNAMIC_NO_PIC = NO;
				GCC_NO_COMMON_BLOCKS = YES;
				GCC_OPTIMIZATION_LEVEL = 0;
				GCC_PREPROCESSOR_DEFINITIONS = (
					"DEBUG=1",
					"$(inherited)",
				);
				GCC_WARN_64_TO_32_BIT_CONVERSION = YES;
				GCC_WARN_ABOUT_RETURN_TYPE = YES_ERROR;
				GCC_WARN_UNDECLARED_SELECTOR = YES;
				GCC_WARN_UNINITIALIZED_AUTOS = YES_AGGRESSIVE;
				GCC_WARN_UNUSED_FUNCTION = YES;
				GCC_WARN_UNUSED_VARIABLE = YES;
				IPHONEOS_DEPLOYMENT_TARGET = 9.3;
				MTL_ENABLE_DEBUG_INFO = YES;
				ONLY_ACTIVE_ARCH = YES;
				PROVISIONING_PROFILE = "645d933a-5b7d-4100-bdf9-c8fdf88b6dec";
				SDKROOT = iphoneos;
				SWIFT_OPTIMIZATION_LEVEL = "-Onone";
			};
			name = Debug;
		};
		CAE7837B1D013B7400492BBD /* Release */ = {
			isa = XCBuildConfiguration;
			buildSettings = {
				ALWAYS_SEARCH_USER_PATHS = NO;
				CLANG_ANALYZER_NONNULL = YES;
				CLANG_CXX_LANGUAGE_STANDARD = "gnu++0x";
				CLANG_CXX_LIBRARY = "libc++";
				CLANG_ENABLE_MODULES = YES;
				CLANG_ENABLE_OBJC_ARC = YES;
				CLANG_WARN_BOOL_CONVERSION = YES;
				CLANG_WARN_CONSTANT_CONVERSION = YES;
				CLANG_WARN_DIRECT_OBJC_ISA_USAGE = YES_ERROR;
				CLANG_WARN_EMPTY_BODY = YES;
				CLANG_WARN_ENUM_CONVERSION = YES;
				CLANG_WARN_INT_CONVERSION = YES;
				CLANG_WARN_OBJC_ROOT_CLASS = YES_ERROR;
				CLANG_WARN_UNREACHABLE_CODE = YES;
				CLANG_WARN__DUPLICATE_METHOD_MATCH = YES;
				CODE_SIGN_IDENTITY = "iPhone Distribution: Plastic Mobile Inc.";
				"CODE_SIGN_IDENTITY[sdk=iphoneos*]" = "iPhone Distribution: Plastic Mobile Inc.";
				COPY_PHASE_STRIP = NO;
				DEBUG_INFORMATION_FORMAT = "dwarf-with-dsym";
				ENABLE_NS_ASSERTIONS = NO;
				ENABLE_STRICT_OBJC_MSGSEND = YES;
				GCC_C_LANGUAGE_STANDARD = gnu99;
				GCC_NO_COMMON_BLOCKS = YES;
				GCC_WARN_64_TO_32_BIT_CONVERSION = YES;
				GCC_WARN_ABOUT_RETURN_TYPE = YES_ERROR;
				GCC_WARN_UNDECLARED_SELECTOR = YES;
				GCC_WARN_UNINITIALIZED_AUTOS = YES_AGGRESSIVE;
				GCC_WARN_UNUSED_FUNCTION = YES;
				GCC_WARN_UNUSED_VARIABLE = YES;
				IPHONEOS_DEPLOYMENT_TARGET = 9.3;
				MTL_ENABLE_DEBUG_INFO = NO;
				PROVISIONING_PROFILE = "645d933a-5b7d-4100-bdf9-c8fdf88b6dec";
				SDKROOT = iphoneos;
				VALIDATE_PRODUCT = YES;
			};
			name = Release;
		};
		CAE7837D1D013B7400492BBD /* Debug */ = {
			isa = XCBuildConfiguration;
			baseConfigurationReference = 4E875914CD1D81C714DAED12 /* Pods-SoccerPool.debug.xcconfig */;
			buildSettings = {
				ASSETCATALOG_COMPILER_APPICON_NAME = AppIcon;
				CLANG_ENABLE_MODULES = YES;
				CODE_SIGN_IDENTITY = "iPhone Developer";
				"CODE_SIGN_IDENTITY[sdk=iphoneos*]" = "iPhone Developer";
				INFOPLIST_FILE = SoccerPool/Info.plist;
				IPHONEOS_DEPLOYMENT_TARGET = 8.0;
				LD_RUNPATH_SEARCH_PATHS = "$(inherited) @executable_path/Frameworks";
				PRODUCT_BUNDLE_IDENTIFIER = XIO.SoccerPool;
				PRODUCT_NAME = "$(TARGET_NAME)";
				PROVISIONING_PROFILE = "";
				SWIFT_OBJC_BRIDGING_HEADER = "SoccerPool/SoccerPool-Bridging-Header.h";
				SWIFT_OPTIMIZATION_LEVEL = "-Onone";
			};
			name = Debug;
		};
		CAE7837E1D013B7400492BBD /* Release */ = {
			isa = XCBuildConfiguration;
			baseConfigurationReference = C47CCEBB48532F0E083249D2 /* Pods-SoccerPool.release.xcconfig */;
			buildSettings = {
				ASSETCATALOG_COMPILER_APPICON_NAME = AppIcon;
				CLANG_ENABLE_MODULES = YES;
				CODE_SIGN_IDENTITY = "iPhone Distribution: Plastic Mobile Inc.";
				"CODE_SIGN_IDENTITY[sdk=iphoneos*]" = "iPhone Distribution: Plastic Mobile Inc.";
				INFOPLIST_FILE = SoccerPool/Info.plist;
				IPHONEOS_DEPLOYMENT_TARGET = 8.0;
				LD_RUNPATH_SEARCH_PATHS = "$(inherited) @executable_path/Frameworks";
				PRODUCT_BUNDLE_IDENTIFIER = XIO.SoccerPool;
				PRODUCT_NAME = "$(TARGET_NAME)";
				PROVISIONING_PROFILE = "";
				SWIFT_OBJC_BRIDGING_HEADER = "SoccerPool/SoccerPool-Bridging-Header.h";
			};
			name = Release;
		};
/* End XCBuildConfiguration section */

/* Begin XCConfigurationList section */
		CAE783651D013B7400492BBD /* Build configuration list for PBXProject "SoccerPool" */ = {
			isa = XCConfigurationList;
			buildConfigurations = (
				CAE7837A1D013B7400492BBD /* Debug */,
				CAE7837B1D013B7400492BBD /* Release */,
			);
			defaultConfigurationIsVisible = 0;
			defaultConfigurationName = Release;
		};
		CAE7837C1D013B7400492BBD /* Build configuration list for PBXNativeTarget "SoccerPool" */ = {
			isa = XCConfigurationList;
			buildConfigurations = (
				CAE7837D1D013B7400492BBD /* Debug */,
				CAE7837E1D013B7400492BBD /* Release */,
			);
			defaultConfigurationIsVisible = 0;
			defaultConfigurationName = Release;
		};
/* End XCConfigurationList section */

/* Begin XCVersionGroup section */
		5E286E141D05BA0A00838831 /* SoccerPool.xcdatamodeld */ = {
			isa = XCVersionGroup;
			children = (
				5E286E151D05BA0A00838831 /* SoccerPool.xcdatamodel */,
			);
			currentVersion = 5E286E151D05BA0A00838831 /* SoccerPool.xcdatamodel */;
			path = SoccerPool.xcdatamodeld;
			sourceTree = "<group>";
			versionGroupType = wrapper.xcdatamodel;
		};
/* End XCVersionGroup section */
	};
	rootObject = CAE783621D013B7400492BBD /* Project object */;
}
